
Microsoft Visual Studio Solution File, Format Version 12.00
# Visual Studio Version 17
VisualStudioVersion = 17.14.36127.28
MinimumVisualStudioVersion = 10.0.40219.1
Project("{FAE04EC0-301F-11D3-BF4B-00C04F79EFBC}") = "ttvedit", "ttvedit.csproj", "{7969DE2A-58D5-4A58-A0E4-762F09787F73}"
EndProject
Global
	GlobalSection(SolutionConfigurationPlatforms) = preSolution
		Debug|Any CPU = Debug|Any CPU
		Release|Any CPU = Release|Any CPU
	EndGlobalSection
	GlobalSection(ProjectConfigurationPlatforms) = postSolution
		{7969DE2A-58D5-4A58-A0E4-762F09787F73}.Debug|Any CPU.ActiveCfg = Debug|Any CPU
		{7969DE2A-58D5-4A58-A0E4-762F09787F73}.Debug|Any CPU.Build.0 = Debug|Any CPU
		{7969DE2A-58D5-4A58-A0E4-762F09787F73}.Release|Any CPU.ActiveCfg = Release|Any CPU
		{7969DE2A-58D5-4A58-A0E4-762F09787F73}.Release|Any CPU.Build.0 = Release|Any CPU
	EndGlobalSection
	GlobalSection(SolutionProperties) = preSolution
		HideSolutionNode = FALSE
	EndGlobalSection
	GlobalSection(ExtensibilityGlobals) = postSolution
		SolutionGuid = {8429DA67-EA0D-47E1-BB8C-BA07AEBF1275}
	EndGlobalSection
EndGlobal
